
Microsoft Visual Studio Solution File, Format Version 11.00
# Visual Studio 2010
Project("{8BC9CEB8-8B4A-11D0-8D11-00A0C91BC942}") = "日期计算", "日期计算\日期计算.vcxproj", "{14FC0F02-E4C3-4F09-90C3-B066BF538E2A}"
EndProject
Global
	GlobalSection(SolutionConfigurationPlatforms) = preSolution
		Debug|Win32 = Debug|Win32
		Release|Win32 = Release|Win32
	EndGlobalSection
	GlobalSection(ProjectConfigurationPlatforms) = postSolution
		{14FC0F02-E4C3-4F09-90C3-B066BF538E2A}.Debug|Win32.ActiveCfg = Debug|Win32
		{14FC0F02-E4C3-4F09-90C3-B066BF538E2A}.Debug|Win32.Build.0 = Debug|Win32
		{14FC0F02-E4C3-4F09-90C3-B066BF538E2A}.Release|Win32.ActiveCfg = Release|Win32
		{14FC0F02-E4C3-4F09-90C3-B066BF538E2A}.Release|Win32.Build.0 = Release|Win32
	EndGlobalSection
	GlobalSection(SolutionProperties) = preSolution
		HideSolutionNode = FALSE
	EndGlobalSection
EndGlobal
