
Microsoft Visual Studio Solution File, Format Version 11.00
# Visual Studio 2010
Project("{8BC9CEB8-8B4A-11D0-8D11-00A0C91BC942}") = "分蛋糕", "分蛋糕\分蛋糕.vcxproj", "{50C5D85E-1BB6-45FC-9917-9F5D75F98632}"
EndProject
Global
	GlobalSection(SolutionConfigurationPlatforms) = preSolution
		Debug|Win32 = Debug|Win32
		Release|Win32 = Release|Win32
	EndGlobalSection
	GlobalSection(ProjectConfigurationPlatforms) = postSolution
		{50C5D85E-1BB6-45FC-9917-9F5D75F98632}.Debug|Win32.ActiveCfg = Debug|Win32
		{50C5D85E-1BB6-45FC-9917-9F5D75F98632}.Debug|Win32.Build.0 = Debug|Win32
		{50C5D85E-1BB6-45FC-9917-9F5D75F98632}.Release|Win32.ActiveCfg = Release|Win32
		{50C5D85E-1BB6-45FC-9917-9F5D75F98632}.Release|Win32.Build.0 = Release|Win32
	EndGlobalSection
	GlobalSection(SolutionProperties) = preSolution
		HideSolutionNode = FALSE
	EndGlobalSection
EndGlobal
